
Microsoft Visual Studio Solution File, Format Version 12.00
# Visual Studio Version 17
VisualStudioVersion = 17.2.32602.215
MinimumVisualStudioVersion = 10.0.40219.1
Project("{FAE04EC0-301F-11D3-BF4B-00C04F79EFBC}") = "MvcCv", "MvcCv\MvcCv.csproj", "{D8C633E3-1F0D-4989-AD29-87E2C3995B43}"
EndProject
Global
	GlobalSection(SolutionConfigurationPlatforms) = preSolution
		Debug|Any CPU = Debug|Any CPU
		Release|Any CPU = Release|Any CPU
	EndGlobalSection
	GlobalSection(ProjectConfigurationPlatforms) = postSolution
		{D8C633E3-1F0D-4989-AD29-87E2C3995B43}.Debug|Any CPU.ActiveCfg = Debug|Any CPU
		{D8C633E3-1F0D-4989-AD29-87E2C3995B43}.Debug|Any CPU.Build.0 = Debug|Any CPU
		{D8C633E3-1F0D-4989-AD29-87E2C3995B43}.Release|Any CPU.ActiveCfg = Release|Any CPU
		{D8C633E3-1F0D-4989-AD29-87E2C3995B43}.Release|Any CPU.Build.0 = Release|Any CPU
	EndGlobalSection
	GlobalSection(SolutionProperties) = preSolution
		HideSolutionNode = FALSE
	EndGlobalSection
	GlobalSection(ExtensibilityGlobals) = postSolution
		SolutionGuid = {75F92BF2-D7FA-416E-A073-FED1ED43AD64}
	EndGlobalSection
EndGlobal
